// !$*UTF8*$!
{
	archiveVersion = 1;
	classes = {
	};
	objectVersion = 55;
	objects = {

/* Begin PBXBuildFile section */
		4A17D55D27E61AD00093063F /* AlbumCollectionViewCell.swift in Sources */ = {isa = PBXBuildFile; fileRef = 4A17D55C27E61AD00093063F /* AlbumCollectionViewCell.swift */; };
		4A24901B280B83B9006B7942 /* HeaderView.swift in Sources */ = {isa = PBXBuildFile; fileRef = 4A24901A280B83B9006B7942 /* HeaderView.swift */; };
		4A5829E927DD4A4100FE43C0 /* SearchViewController.swift in Sources */ = {isa = PBXBuildFile; fileRef = 4A5829E827DD4A4100FE43C0 /* SearchViewController.swift */; };
		4A5829EB27DD4A6700FE43C0 /* LibraryViewController.swift in Sources */ = {isa = PBXBuildFile; fileRef = 4A5829EA27DD4A6700FE43C0 /* LibraryViewController.swift */; };
		4A5829F027DE584C00FE43C0 /* MainView.swift in Sources */ = {isa = PBXBuildFile; fileRef = 4A5829EF27DE584C00FE43C0 /* MainView.swift */; };
		4A632EC127DFECD400FFE17C /* MainHeaderView.swift in Sources */ = {isa = PBXBuildFile; fileRef = 4A632EC027DFECD400FFE17C /* MainHeaderView.swift */; };
		4ADA558227C41B49005203DA /* AssemblyProtocol.swift in Sources */ = {isa = PBXBuildFile; fileRef = 4ADA557C27C41B49005203DA /* AssemblyProtocol.swift */; };
		4ADA558327C41B49005203DA /* StorageFactory.swift in Sources */ = {isa = PBXBuildFile; fileRef = 4ADA557D27C41B49005203DA /* StorageFactory.swift */; };
		4ADA558427C41B49005203DA /* Container.swift in Sources */ = {isa = PBXBuildFile; fileRef = 4ADA557E27C41B49005203DA /* Container.swift */; };
		4ADA558527C41B49005203DA /* InstanceStorage.swift in Sources */ = {isa = PBXBuildFile; fileRef = 4ADA557F27C41B49005203DA /* InstanceStorage.swift */; };
		4ADA558627C41B49005203DA /* ObjectScope.swift in Sources */ = {isa = PBXBuildFile; fileRef = 4ADA558027C41B49005203DA /* ObjectScope.swift */; };
		4ADA558727C41B49005203DA /* Dependency.swift in Sources */ = {isa = PBXBuildFile; fileRef = 4ADA558127C41B49005203DA /* Dependency.swift */; };
		4ADA558A27C42D3A005203DA /* MainTabBarController.swift in Sources */ = {isa = PBXBuildFile; fileRef = 4ADA558927C42D3A005203DA /* MainTabBarController.swift */; };
		4AECB2EE27C2024200ABCAAC /* AppDelegate.swift in Sources */ = {isa = PBXBuildFile; fileRef = 4AECB2ED27C2024200ABCAAC /* AppDelegate.swift */; };
		4AECB2F227C2024200ABCAAC /* MainViewController.swift in Sources */ = {isa = PBXBuildFile; fileRef = 4AECB2F127C2024200ABCAAC /* MainViewController.swift */; };
		4AECB2F827C2024200ABCAAC /* MusicRoom.xcdatamodeld in Sources */ = {isa = PBXBuildFile; fileRef = 4AECB2F627C2024200ABCAAC /* MusicRoom.xcdatamodeld */; };
		4AECB2FA27C2024600ABCAAC /* Assets.xcassets in Resources */ = {isa = PBXBuildFile; fileRef = 4AECB2F927C2024600ABCAAC /* Assets.xcassets */; };
		4AECB2FD27C2024600ABCAAC /* LaunchScreen.storyboard in Resources */ = {isa = PBXBuildFile; fileRef = 4AECB2FB27C2024600ABCAAC /* LaunchScreen.storyboard */; };
		4AECB30827C2024600ABCAAC /* MusicRoomTests.swift in Sources */ = {isa = PBXBuildFile; fileRef = 4AECB30727C2024600ABCAAC /* MusicRoomTests.swift */; };
		4AECB31227C2024600ABCAAC /* MusicRoomUITests.swift in Sources */ = {isa = PBXBuildFile; fileRef = 4AECB31127C2024600ABCAAC /* MusicRoomUITests.swift */; };
/* End PBXBuildFile section */

/* Begin PBXContainerItemProxy section */
		4AECB30427C2024600ABCAAC /* PBXContainerItemProxy */ = {
			isa = PBXContainerItemProxy;
			containerPortal = 4AECB2E227C2024200ABCAAC /* Project object */;
			proxyType = 1;
			remoteGlobalIDString = 4AECB2E927C2024200ABCAAC;
			remoteInfo = MusicRoom;
		};
		4AECB30E27C2024600ABCAAC /* PBXContainerItemProxy */ = {
			isa = PBXContainerItemProxy;
			containerPortal = 4AECB2E227C2024200ABCAAC /* Project object */;
			proxyType = 1;
			remoteGlobalIDString = 4AECB2E927C2024200ABCAAC;
			remoteInfo = MusicRoom;
		};
/* End PBXContainerItemProxy section */

/* Begin PBXFileReference section */
		4A17D55C27E61AD00093063F /* AlbumCollectionViewCell.swift */ = {isa = PBXFileReference; lastKnownFileType = sourcecode.swift; path = AlbumCollectionViewCell.swift; sourceTree = "<group>"; };
		4A24901A280B83B9006B7942 /* HeaderView.swift */ = {isa = PBXFileReference; lastKnownFileType = sourcecode.swift; path = HeaderView.swift; sourceTree = "<group>"; };
		4A5829E827DD4A4100FE43C0 /* SearchViewController.swift */ = {isa = PBXFileReference; lastKnownFileType = sourcecode.swift; path = SearchViewController.swift; sourceTree = "<group>"; };
		4A5829EA27DD4A6700FE43C0 /* LibraryViewController.swift */ = {isa = PBXFileReference; lastKnownFileType = sourcecode.swift; path = LibraryViewController.swift; sourceTree = "<group>"; };
		4A5829EF27DE584C00FE43C0 /* MainView.swift */ = {isa = PBXFileReference; lastKnownFileType = sourcecode.swift; path = MainView.swift; sourceTree = "<group>"; };
		4A632EC027DFECD400FFE17C /* MainHeaderView.swift */ = {isa = PBXFileReference; lastKnownFileType = sourcecode.swift; path = MainHeaderView.swift; sourceTree = "<group>"; };
		4ADA557C27C41B49005203DA /* AssemblyProtocol.swift */ = {isa = PBXFileReference; fileEncoding = 4; lastKnownFileType = sourcecode.swift; path = AssemblyProtocol.swift; sourceTree = "<group>"; };
		4ADA557D27C41B49005203DA /* StorageFactory.swift */ = {isa = PBXFileReference; fileEncoding = 4; lastKnownFileType = sourcecode.swift; path = StorageFactory.swift; sourceTree = "<group>"; };
		4ADA557E27C41B49005203DA /* Container.swift */ = {isa = PBXFileReference; fileEncoding = 4; lastKnownFileType = sourcecode.swift; path = Container.swift; sourceTree = "<group>"; };
		4ADA557F27C41B49005203DA /* InstanceStorage.swift */ = {isa = PBXFileReference; fileEncoding = 4; lastKnownFileType = sourcecode.swift; path = InstanceStorage.swift; sourceTree = "<group>"; };
		4ADA558027C41B49005203DA /* ObjectScope.swift */ = {isa = PBXFileReference; fileEncoding = 4; lastKnownFileType = sourcecode.swift; path = ObjectScope.swift; sourceTree = "<group>"; };
		4ADA558127C41B49005203DA /* Dependency.swift */ = {isa = PBXFileReference; fileEncoding = 4; lastKnownFileType = sourcecode.swift; path = Dependency.swift; sourceTree = "<group>"; };
		4ADA558927C42D3A005203DA /* MainTabBarController.swift */ = {isa = PBXFileReference; lastKnownFileType = sourcecode.swift; path = MainTabBarController.swift; sourceTree = "<group>"; };
		4AECB2EA27C2024200ABCAAC /* MusicRoom.app */ = {isa = PBXFileReference; explicitFileType = wrapper.application; includeInIndex = 0; path = MusicRoom.app; sourceTree = BUILT_PRODUCTS_DIR; };
		4AECB2ED27C2024200ABCAAC /* AppDelegate.swift */ = {isa = PBXFileReference; lastKnownFileType = sourcecode.swift; path = AppDelegate.swift; sourceTree = "<group>"; };
		4AECB2F127C2024200ABCAAC /* MainViewController.swift */ = {isa = PBXFileReference; lastKnownFileType = sourcecode.swift; path = MainViewController.swift; sourceTree = "<group>"; };
		4AECB2F727C2024200ABCAAC /* MusicRoom.xcdatamodel */ = {isa = PBXFileReference; lastKnownFileType = wrapper.xcdatamodel; path = MusicRoom.xcdatamodel; sourceTree = "<group>"; };
		4AECB2F927C2024600ABCAAC /* Assets.xcassets */ = {isa = PBXFileReference; lastKnownFileType = folder.assetcatalog; path = Assets.xcassets; sourceTree = "<group>"; };
		4AECB2FC27C2024600ABCAAC /* Base */ = {isa = PBXFileReference; lastKnownFileType = file.storyboard; name = Base; path = Base.lproj/LaunchScreen.storyboard; sourceTree = "<group>"; };
		4AECB2FE27C2024600ABCAAC /* Info.plist */ = {isa = PBXFileReference; lastKnownFileType = text.plist.xml; path = Info.plist; sourceTree = "<group>"; };
		4AECB30327C2024600ABCAAC /* MusicRoomTests.xctest */ = {isa = PBXFileReference; explicitFileType = wrapper.cfbundle; includeInIndex = 0; path = MusicRoomTests.xctest; sourceTree = BUILT_PRODUCTS_DIR; };
		4AECB30727C2024600ABCAAC /* MusicRoomTests.swift */ = {isa = PBXFileReference; lastKnownFileType = sourcecode.swift; path = MusicRoomTests.swift; sourceTree = "<group>"; };
		4AECB30D27C2024600ABCAAC /* MusicRoomUITests.xctest */ = {isa = PBXFileReference; explicitFileType = wrapper.cfbundle; includeInIndex = 0; path = MusicRoomUITests.xctest; sourceTree = BUILT_PRODUCTS_DIR; };
		4AECB31127C2024600ABCAAC /* MusicRoomUITests.swift */ = {isa = PBXFileReference; lastKnownFileType = sourcecode.swift; path = MusicRoomUITests.swift; sourceTree = "<group>"; };
/* End PBXFileReference section */

/* Begin PBXFrameworksBuildPhase section */
		4AECB2E727C2024200ABCAAC /* Frameworks */ = {
			isa = PBXFrameworksBuildPhase;
			buildActionMask = 2147483647;
			files = (
			);
			runOnlyForDeploymentPostprocessing = 0;
		};
		4AECB30027C2024600ABCAAC /* Frameworks */ = {
			isa = PBXFrameworksBuildPhase;
			buildActionMask = 2147483647;
			files = (
			);
			runOnlyForDeploymentPostprocessing = 0;
		};
		4AECB30A27C2024600ABCAAC /* Frameworks */ = {
			isa = PBXFrameworksBuildPhase;
			buildActionMask = 2147483647;
			files = (
			);
			runOnlyForDeploymentPostprocessing = 0;
		};
/* End PBXFrameworksBuildPhase section */

/* Begin PBXGroup section */
		4A5829E427DD42C000FE43C0 /* Service Layer */ = {
			isa = PBXGroup;
			children = (
			);
			name = "Service Layer";
			sourceTree = "<group>";
		};
		4A5829E527DD42D500FE43C0 /* Data Layer */ = {
			isa = PBXGroup;
			children = (
			);
			name = "Data Layer";
			sourceTree = "<group>";
		};
		4A5829E627DD42E300FE43C0 /* Presentation Layer */ = {
			isa = PBXGroup;
			children = (
				4A5829EC27DE55B600FE43C0 /*  MainView */,
			);
			name = "Presentation Layer";
			sourceTree = "<group>";
		};
		4A5829E727DD49F500FE43C0 /* Domain Layer */ = {
			isa = PBXGroup;
			children = (
			);
			name = "Domain Layer";
			sourceTree = "<group>";
		};
		4A5829EC27DE55B600FE43C0 /*  MainView */ = {
			isa = PBXGroup;
			children = (
				4AECB2F127C2024200ABCAAC /* MainViewController.swift */,
				4A5829EF27DE584C00FE43C0 /* MainView.swift */,
				4A632EC027DFECD400FFE17C /* MainHeaderView.swift */,
				4A17D55C27E61AD00093063F /* AlbumCollectionViewCell.swift */,
				4A24901A280B83B9006B7942 /* HeaderView.swift */,
			);
			name = " MainView";
			sourceTree = "<group>";
		};
		4ADA557B27C41B27005203DA /* DIContainer */ = {
			isa = PBXGroup;
			children = (
				4ADA557E27C41B49005203DA /* Container.swift */,
				4ADA558127C41B49005203DA /* Dependency.swift */,
				4ADA557C27C41B49005203DA /* AssemblyProtocol.swift */,
				4ADA558827C41B53005203DA /* InstanceStorage */,
			);
			name = DIContainer;
			sourceTree = "<group>";
		};
		4ADA558827C41B53005203DA /* InstanceStorage */ = {
			isa = PBXGroup;
			children = (
				4ADA558027C41B49005203DA /* ObjectScope.swift */,
				4ADA557F27C41B49005203DA /* InstanceStorage.swift */,
				4ADA557D27C41B49005203DA /* StorageFactory.swift */,
			);
			path = InstanceStorage;
			sourceTree = "<group>";
		};
		4AECB2E127C2024200ABCAAC = {
			isa = PBXGroup;
			children = (
				4AECB2EC27C2024200ABCAAC /* MusicRoom */,
				4AECB30627C2024600ABCAAC /* MusicRoomTests */,
				4AECB31027C2024600ABCAAC /* MusicRoomUITests */,
				4AECB2EB27C2024200ABCAAC /* Products */,
			);
			sourceTree = "<group>";
		};
		4AECB2EB27C2024200ABCAAC /* Products */ = {
			isa = PBXGroup;
			children = (
				4AECB2EA27C2024200ABCAAC /* MusicRoom.app */,
				4AECB30327C2024600ABCAAC /* MusicRoomTests.xctest */,
				4AECB30D27C2024600ABCAAC /* MusicRoomUITests.xctest */,
			);
			name = Products;
			sourceTree = "<group>";
		};
		4AECB2EC27C2024200ABCAAC /* MusicRoom */ = {
			isa = PBXGroup;
			children = (
				4ADA557B27C41B27005203DA /* DIContainer */,
				4A5829E627DD42E300FE43C0 /* Presentation Layer */,
				4A5829E427DD42C000FE43C0 /* Service Layer */,
				4A5829E727DD49F500FE43C0 /* Domain Layer */,
				4A5829E527DD42D500FE43C0 /* Data Layer */,
				4AECB2ED27C2024200ABCAAC /* AppDelegate.swift */,
				4A5829EA27DD4A6700FE43C0 /* LibraryViewController.swift */,
				4A5829E827DD4A4100FE43C0 /* SearchViewController.swift */,
				4ADA558927C42D3A005203DA /* MainTabBarController.swift */,
				4AECB2F927C2024600ABCAAC /* Assets.xcassets */,
				4AECB2FB27C2024600ABCAAC /* LaunchScreen.storyboard */,
				4AECB2FE27C2024600ABCAAC /* Info.plist */,
				4AECB2F627C2024200ABCAAC /* MusicRoom.xcdatamodeld */,
			);
			path = MusicRoom;
			sourceTree = "<group>";
		};
		4AECB30627C2024600ABCAAC /* MusicRoomTests */ = {
			isa = PBXGroup;
			children = (
				4AECB30727C2024600ABCAAC /* MusicRoomTests.swift */,
			);
			path = MusicRoomTests;
			sourceTree = "<group>";
		};
		4AECB31027C2024600ABCAAC /* MusicRoomUITests */ = {
			isa = PBXGroup;
			children = (
				4AECB31127C2024600ABCAAC /* MusicRoomUITests.swift */,
			);
			path = MusicRoomUITests;
			sourceTree = "<group>";
		};
/* End PBXGroup section */

/* Begin PBXNativeTarget section */
		4AECB2E927C2024200ABCAAC /* MusicRoom */ = {
			isa = PBXNativeTarget;
			buildConfigurationList = 4AECB31727C2024600ABCAAC /* Build configuration list for PBXNativeTarget "MusicRoom" */;
			buildPhases = (
				4AECB2E627C2024200ABCAAC /* Sources */,
				4AECB2E727C2024200ABCAAC /* Frameworks */,
				4AECB2E827C2024200ABCAAC /* Resources */,
				4AECB32027C205F900ABCAAC /* ShellScript */,
			);
			buildRules = (
			);
			dependencies = (
			);
			name = MusicRoom;
			productName = MusicRoom;
			productReference = 4AECB2EA27C2024200ABCAAC /* MusicRoom.app */;
			productType = "com.apple.product-type.application";
		};
		4AECB30227C2024600ABCAAC /* MusicRoomTests */ = {
			isa = PBXNativeTarget;
			buildConfigurationList = 4AECB31A27C2024600ABCAAC /* Build configuration list for PBXNativeTarget "MusicRoomTests" */;
			buildPhases = (
				4AECB2FF27C2024600ABCAAC /* Sources */,
				4AECB30027C2024600ABCAAC /* Frameworks */,
				4AECB30127C2024600ABCAAC /* Resources */,
			);
			buildRules = (
			);
			dependencies = (
				4AECB30527C2024600ABCAAC /* PBXTargetDependency */,
			);
			name = MusicRoomTests;
			productName = MusicRoomTests;
			productReference = 4AECB30327C2024600ABCAAC /* MusicRoomTests.xctest */;
			productType = "com.apple.product-type.bundle.unit-test";
		};
		4AECB30C27C2024600ABCAAC /* MusicRoomUITests */ = {
			isa = PBXNativeTarget;
			buildConfigurationList = 4AECB31D27C2024600ABCAAC /* Build configuration list for PBXNativeTarget "MusicRoomUITests" */;
			buildPhases = (
				4AECB30927C2024600ABCAAC /* Sources */,
				4AECB30A27C2024600ABCAAC /* Frameworks */,
				4AECB30B27C2024600ABCAAC /* Resources */,
			);
			buildRules = (
			);
			dependencies = (
				4AECB30F27C2024600ABCAAC /* PBXTargetDependency */,
			);
			name = MusicRoomUITests;
			productName = MusicRoomUITests;
			productReference = 4AECB30D27C2024600ABCAAC /* MusicRoomUITests.xctest */;
			productType = "com.apple.product-type.bundle.ui-testing";
		};
/* End PBXNativeTarget section */

/* Begin PBXProject section */
		4AECB2E227C2024200ABCAAC /* Project object */ = {
			isa = PBXProject;
			attributes = {
				BuildIndependentTargetsInParallel = 1;
				LastSwiftUpdateCheck = 1300;
				LastUpgradeCheck = 1300;
				TargetAttributes = {
					4AECB2E927C2024200ABCAAC = {
						CreatedOnToolsVersion = 13.0;
					};
					4AECB30227C2024600ABCAAC = {
						CreatedOnToolsVersion = 13.0;
						TestTargetID = 4AECB2E927C2024200ABCAAC;
					};
					4AECB30C27C2024600ABCAAC = {
						CreatedOnToolsVersion = 13.0;
						TestTargetID = 4AECB2E927C2024200ABCAAC;
					};
				};
			};
			buildConfigurationList = 4AECB2E527C2024200ABCAAC /* Build configuration list for PBXProject "MusicRoom" */;
			compatibilityVersion = "Xcode 13.0";
			developmentRegion = en;
			hasScannedForEncodings = 0;
			knownRegions = (
				en,
				Base,
			);
			mainGroup = 4AECB2E127C2024200ABCAAC;
			productRefGroup = 4AECB2EB27C2024200ABCAAC /* Products */;
			projectDirPath = "";
			projectRoot = "";
			targets = (
				4AECB2E927C2024200ABCAAC /* MusicRoom */,
				4AECB30227C2024600ABCAAC /* MusicRoomTests */,
				4AECB30C27C2024600ABCAAC /* MusicRoomUITests */,
			);
		};
/* End PBXProject section */

/* Begin PBXResourcesBuildPhase section */
		4AECB2E827C2024200ABCAAC /* Resources */ = {
			isa = PBXResourcesBuildPhase;
			buildActionMask = 2147483647;
			files = (
				4AECB2FD27C2024600ABCAAC /* LaunchScreen.storyboard in Resources */,
				4AECB2FA27C2024600ABCAAC /* Assets.xcassets in Resources */,
			);
			runOnlyForDeploymentPostprocessing = 0;
		};
		4AECB30127C2024600ABCAAC /* Resources */ = {
			isa = PBXResourcesBuildPhase;
			buildActionMask = 2147483647;
			files = (
			);
			runOnlyForDeploymentPostprocessing = 0;
		};
		4AECB30B27C2024600ABCAAC /* Resources */ = {
			isa = PBXResourcesBuildPhase;
			buildActionMask = 2147483647;
			files = (
			);
			runOnlyForDeploymentPostprocessing = 0;
		};
/* End PBXResourcesBuildPhase section */

/* Begin PBXShellScriptBuildPhase section */
		4AECB32027C205F900ABCAAC /* ShellScript */ = {
			isa = PBXShellScriptBuildPhase;
			buildActionMask = 2147483647;
			files = (
			);
			inputFileListPaths = (
			);
			inputPaths = (
			);
			outputFileListPaths = (
			);
			outputPaths = (
			);
			runOnlyForDeploymentPostprocessing = 0;
			shellPath = /bin/sh;
			shellScript = "if which swiftlint >/dev/null; then\n  swiftlint\nelse\n  echo \"error: SwiftLint does not exist, download it from https://github.com/realm/SwiftLint\"\n  exit 1\nfi\n";
		};
/* End PBXShellScriptBuildPhase section */

/* Begin PBXSourcesBuildPhase section */
		4AECB2E627C2024200ABCAAC /* Sources */ = {
			isa = PBXSourcesBuildPhase;
			buildActionMask = 2147483647;
			files = (
				4AECB2F827C2024200ABCAAC /* MusicRoom.xcdatamodeld in Sources */,
				4A5829F027DE584C00FE43C0 /* MainView.swift in Sources */,
				4A632EC127DFECD400FFE17C /* MainHeaderView.swift in Sources */,
				4A5829E927DD4A4100FE43C0 /* SearchViewController.swift in Sources */,
				4A17D55D27E61AD00093063F /* AlbumCollectionViewCell.swift in Sources */,
				4ADA558427C41B49005203DA /* Container.swift in Sources */,
				4ADA558A27C42D3A005203DA /* MainTabBarController.swift in Sources */,
				4AECB2F227C2024200ABCAAC /* MainViewController.swift in Sources */,
				4ADA558727C41B49005203DA /* Dependency.swift in Sources */,
				4AECB2EE27C2024200ABCAAC /* AppDelegate.swift in Sources */,
				4ADA558527C41B49005203DA /* InstanceStorage.swift in Sources */,
				4ADA558627C41B49005203DA /* ObjectScope.swift in Sources */,
				4ADA558327C41B49005203DA /* StorageFactory.swift in Sources */,
				4A5829EB27DD4A6700FE43C0 /* LibraryViewController.swift in Sources */,
				4ADA558227C41B49005203DA /* AssemblyProtocol.swift in Sources */,
				4A24901B280B83B9006B7942 /* HeaderView.swift in Sources */,
			);
			runOnlyForDeploymentPostprocessing = 0;
		};
		4AECB2FF27C2024600ABCAAC /* Sources */ = {
			isa = PBXSourcesBuildPhase;
			buildActionMask = 2147483647;
			files = (
				4AECB30827C2024600ABCAAC /* MusicRoomTests.swift in Sources */,
			);
			runOnlyForDeploymentPostprocessing = 0;
		};
		4AECB30927C2024600ABCAAC /* Sources */ = {
			isa = PBXSourcesBuildPhase;
			buildActionMask = 2147483647;
			files = (
				4AECB31227C2024600ABCAAC /* MusicRoomUITests.swift in Sources */,
			);
			runOnlyForDeploymentPostprocessing = 0;
		};
/* End PBXSourcesBuildPhase section */

/* Begin PBXTargetDependency section */
		4AECB30527C2024600ABCAAC /* PBXTargetDependency */ = {
			isa = PBXTargetDependency;
			target = 4AECB2E927C2024200ABCAAC /* MusicRoom */;
			targetProxy = 4AECB30427C2024600ABCAAC /* PBXContainerItemProxy */;
		};
		4AECB30F27C2024600ABCAAC /* PBXTargetDependency */ = {
			isa = PBXTargetDependency;
			target = 4AECB2E927C2024200ABCAAC /* MusicRoom */;
			targetProxy = 4AECB30E27C2024600ABCAAC /* PBXContainerItemProxy */;
		};
/* End PBXTargetDependency section */

/* Begin PBXVariantGroup section */
		4AECB2FB27C2024600ABCAAC /* LaunchScreen.storyboard */ = {
			isa = PBXVariantGroup;
			children = (
				4AECB2FC27C2024600ABCAAC /* Base */,
			);
			name = LaunchScreen.storyboard;
			sourceTree = "<group>";
		};
/* End PBXVariantGroup section */

/* Begin XCBuildConfiguration section */
		4AECB31527C2024600ABCAAC /* Debug */ = {
			isa = XCBuildConfiguration;
			buildSettings = {
				ALWAYS_SEARCH_USER_PATHS = NO;
				CLANG_ANALYZER_NONNULL = YES;
				CLANG_ANALYZER_NUMBER_OBJECT_CONVERSION = YES_AGGRESSIVE;
				CLANG_CXX_LANGUAGE_STANDARD = "gnu++17";
				CLANG_CXX_LIBRARY = "libc++";
				CLANG_ENABLE_MODULES = YES;
				CLANG_ENABLE_OBJC_ARC = YES;
				CLANG_ENABLE_OBJC_WEAK = YES;
				CLANG_WARN_BLOCK_CAPTURE_AUTORELEASING = YES;
				CLANG_WARN_BOOL_CONVERSION = YES;
				CLANG_WARN_COMMA = YES;
				CLANG_WARN_CONSTANT_CONVERSION = YES;
				CLANG_WARN_DEPRECATED_OBJC_IMPLEMENTATIONS = YES;
				CLANG_WARN_DIRECT_OBJC_ISA_USAGE = YES_ERROR;
				CLANG_WARN_DOCUMENTATION_COMMENTS = YES;
				CLANG_WARN_EMPTY_BODY = YES;
				CLANG_WARN_ENUM_CONVERSION = YES;
				CLANG_WARN_INFINITE_RECURSION = YES;
				CLANG_WARN_INT_CONVERSION = YES;
				CLANG_WARN_NON_LITERAL_NULL_CONVERSION = YES;
				CLANG_WARN_OBJC_IMPLICIT_RETAIN_SELF = YES;
				CLANG_WARN_OBJC_LITERAL_CONVERSION = YES;
				CLANG_WARN_OBJC_ROOT_CLASS = YES_ERROR;
				CLANG_WARN_QUOTED_INCLUDE_IN_FRAMEWORK_HEADER = YES;
				CLANG_WARN_RANGE_LOOP_ANALYSIS = YES;
				CLANG_WARN_STRICT_PROTOTYPES = YES;
				CLANG_WARN_SUSPICIOUS_MOVE = YES;
				CLANG_WARN_UNGUARDED_AVAILABILITY = YES_AGGRESSIVE;
				CLANG_WARN_UNREACHABLE_CODE = YES;
				CLANG_WARN__DUPLICATE_METHOD_MATCH = YES;
				COPY_PHASE_STRIP = NO;
				DEBUG_INFORMATION_FORMAT = dwarf;
				ENABLE_STRICT_OBJC_MSGSEND = YES;
				ENABLE_TESTABILITY = YES;
				GCC_C_LANGUAGE_STANDARD = gnu11;
				GCC_DYNAMIC_NO_PIC = NO;
				GCC_NO_COMMON_BLOCKS = YES;
				GCC_OPTIMIZATION_LEVEL = 0;
				GCC_PREPROCESSOR_DEFINITIONS = (
					"DEBUG=1",
					"$(inherited)",
				);
				GCC_WARN_64_TO_32_BIT_CONVERSION = YES;
				GCC_WARN_ABOUT_RETURN_TYPE = YES_ERROR;
				GCC_WARN_UNDECLARED_SELECTOR = YES;
				GCC_WARN_UNINITIALIZED_AUTOS = YES_AGGRESSIVE;
				GCC_WARN_UNUSED_FUNCTION = YES;
				GCC_WARN_UNUSED_VARIABLE = YES;
				IPHONEOS_DEPLOYMENT_TARGET = 15.0;
				MTL_ENABLE_DEBUG_INFO = INCLUDE_SOURCE;
				MTL_FAST_MATH = YES;
				ONLY_ACTIVE_ARCH = YES;
				SDKROOT = iphoneos;
				SWIFT_ACTIVE_COMPILATION_CONDITIONS = DEBUG;
				SWIFT_OPTIMIZATION_LEVEL = "-Onone";
			};
			name = Debug;
		};
		4AECB31627C2024600ABCAAC /* Release */ = {
			isa = XCBuildConfiguration;
			buildSettings = {
				ALWAYS_SEARCH_USER_PATHS = NO;
				CLANG_ANALYZER_NONNULL = YES;
				CLANG_ANALYZER_NUMBER_OBJECT_CONVERSION = YES_AGGRESSIVE;
				CLANG_CXX_LANGUAGE_STANDARD = "gnu++17";
				CLANG_CXX_LIBRARY = "libc++";
				CLANG_ENABLE_MODULES = YES;
				CLANG_ENABLE_OBJC_ARC = YES;
				CLANG_ENABLE_OBJC_WEAK = YES;
				CLANG_WARN_BLOCK_CAPTURE_AUTORELEASING = YES;
				CLANG_WARN_BOOL_CONVERSION = YES;
				CLANG_WARN_COMMA = YES;
				CLANG_WARN_CONSTANT_CONVERSION = YES;
				CLANG_WARN_DEPRECATED_OBJC_IMPLEMENTATIONS = YES;
				CLANG_WARN_DIRECT_OBJC_ISA_USAGE = YES_ERROR;
				CLANG_WARN_DOCUMENTATION_COMMENTS = YES;
				CLANG_WARN_EMPTY_BODY = YES;
				CLANG_WARN_ENUM_CONVERSION = YES;
				CLANG_WARN_INFINITE_RECURSION = YES;
				CLANG_WARN_INT_CONVERSION = YES;
				CLANG_WARN_NON_LITERAL_NULL_CONVERSION = YES;
				CLANG_WARN_OBJC_IMPLICIT_RETAIN_SELF = YES;
				CLANG_WARN_OBJC_LITERAL_CONVERSION = YES;
				CLANG_WARN_OBJC_ROOT_CLASS = YES_ERROR;
				CLANG_WARN_QUOTED_INCLUDE_IN_FRAMEWORK_HEADER = YES;
				CLANG_WARN_RANGE_LOOP_ANALYSIS = YES;
				CLANG_WARN_STRICT_PROTOTYPES = YES;
				CLANG_WARN_SUSPICIOUS_MOVE = YES;
				CLANG_WARN_UNGUARDED_AVAILABILITY = YES_AGGRESSIVE;
				CLANG_WARN_UNREACHABLE_CODE = YES;
				CLANG_WARN__DUPLICATE_METHOD_MATCH = YES;
				COPY_PHASE_STRIP = NO;
				DEBUG_INFORMATION_FORMAT = "dwarf-with-dsym";
				ENABLE_NS_ASSERTIONS = NO;
				ENABLE_STRICT_OBJC_MSGSEND = YES;
				GCC_C_LANGUAGE_STANDARD = gnu11;
				GCC_NO_COMMON_BLOCKS = YES;
				GCC_WARN_64_TO_32_BIT_CONVERSION = YES;
				GCC_WARN_ABOUT_RETURN_TYPE = YES_ERROR;
				GCC_WARN_UNDECLARED_SELECTOR = YES;
				GCC_WARN_UNINITIALIZED_AUTOS = YES_AGGRESSIVE;
				GCC_WARN_UNUSED_FUNCTION = YES;
				GCC_WARN_UNUSED_VARIABLE = YES;
				IPHONEOS_DEPLOYMENT_TARGET = 15.0;
				MTL_ENABLE_DEBUG_INFO = NO;
				MTL_FAST_MATH = YES;
				SDKROOT = iphoneos;
				SWIFT_COMPILATION_MODE = wholemodule;
				SWIFT_OPTIMIZATION_LEVEL = "-O";
				VALIDATE_PRODUCT = YES;
			};
			name = Release;
		};
		4AECB31827C2024600ABCAAC /* Debug */ = {
			isa = XCBuildConfiguration;
			buildSettings = {
				ASSETCATALOG_COMPILER_APPICON_NAME = AppIcon;
				ASSETCATALOG_COMPILER_GLOBAL_ACCENT_COLOR_NAME = AccentColor;
				CODE_SIGN_STYLE = Automatic;
				CURRENT_PROJECT_VERSION = 1;
				DEVELOPMENT_TEAM = R7476264FZ;
				GENERATE_INFOPLIST_FILE = YES;
				INFOPLIST_FILE = MusicRoom/Info.plist;
				INFOPLIST_KEY_UIApplicationSupportsIndirectInputEvents = YES;
				INFOPLIST_KEY_UILaunchStoryboardName = LaunchScreen;
				INFOPLIST_KEY_UISupportedInterfaceOrientations = UIInterfaceOrientationPortrait;
				INFOPLIST_KEY_UISupportedInterfaceOrientations_iPad = "UIInterfaceOrientationPortrait UIInterfaceOrientationPortraitUpsideDown UIInterfaceOrientationLandscapeLeft UIInterfaceOrientationLandscapeRight";
				INFOPLIST_KEY_UISupportedInterfaceOrientations_iPhone = "UIInterfaceOrientationPortrait UIInterfaceOrientationLandscapeLeft UIInterfaceOrientationLandscapeRight";
				LD_RUNPATH_SEARCH_PATHS = (
					"$(inherited)",
					"@executable_path/Frameworks",
				);
				MARKETING_VERSION = 1.0;
				PRODUCT_BUNDLE_IDENTIFIER = com.ALR.MusicRoom;
				PRODUCT_NAME = "$(TARGET_NAME)";
				SWIFT_EMIT_LOC_STRINGS = YES;
				SWIFT_VERSION = 5.0;
				TARGETED_DEVICE_FAMILY = 1;
			};
			name = Debug;
		};
		4AECB31927C2024600ABCAAC /* Release */ = {
			isa = XCBuildConfiguration;
			buildSettings = {
				ASSETCATALOG_COMPILER_APPICON_NAME = AppIcon;
				ASSETCATALOG_COMPILER_GLOBAL_ACCENT_COLOR_NAME = AccentColor;
				CODE_SIGN_STYLE = Automatic;
				CURRENT_PROJECT_VERSION = 1;
				DEVELOPMENT_TEAM = R7476264FZ;
				GENERATE_INFOPLIST_FILE = YES;
				INFOPLIST_FILE = MusicRoom/Info.plist;
				INFOPLIST_KEY_UIApplicationSupportsIndirectInputEvents = YES;
				INFOPLIST_KEY_UILaunchStoryboardName = LaunchScreen;
				INFOPLIST_KEY_UISupportedInterfaceOrientations = UIInterfaceOrientationPortrait;
				INFOPLIST_KEY_UISupportedInterfaceOrientations_iPad = "UIInterfaceOrientationPortrait UIInterfaceOrientationPortraitUpsideDown UIInterfaceOrientationLandscapeLeft UIInterfaceOrientationLandscapeRight";
				INFOPLIST_KEY_UISupportedInterfaceOrientations_iPhone = "UIInterfaceOrientationPortrait UIInterfaceOrientationLandscapeLeft UIInterfaceOrientationLandscapeRight";
				LD_RUNPATH_SEARCH_PATHS = (
					"$(inherited)",
					"@executable_path/Frameworks",
				);
				MARKETING_VERSION = 1.0;
				PRODUCT_BUNDLE_IDENTIFIER = com.ALR.MusicRoom;
				PRODUCT_NAME = "$(TARGET_NAME)";
				SWIFT_EMIT_LOC_STRINGS = YES;
				SWIFT_VERSION = 5.0;
				TARGETED_DEVICE_FAMILY = 1;
			};
			name = Release;
		};
		4AECB31B27C2024600ABCAAC /* Debug */ = {
			isa = XCBuildConfiguration;
			buildSettings = {
				ALWAYS_EMBED_SWIFT_STANDARD_LIBRARIES = YES;
				BUNDLE_LOADER = "$(TEST_HOST)";
				CODE_SIGN_STYLE = Automatic;
				CURRENT_PROJECT_VERSION = 1;
				DEVELOPMENT_TEAM = R7476264FZ;
				GENERATE_INFOPLIST_FILE = YES;
				IPHONEOS_DEPLOYMENT_TARGET = 15.0;
				LD_RUNPATH_SEARCH_PATHS = (
					"$(inherited)",
					"@executable_path/Frameworks",
					"@loader_path/Frameworks",
				);
				MARKETING_VERSION = 1.0;
				PRODUCT_BUNDLE_IDENTIFIER = com.ALR.MusicRoomTests;
				PRODUCT_NAME = "$(TARGET_NAME)";
				SWIFT_EMIT_LOC_STRINGS = NO;
				SWIFT_VERSION = 5.0;
				TARGETED_DEVICE_FAMILY = "1,2";
				TEST_HOST = "$(BUILT_PRODUCTS_DIR)/MusicRoom.app/MusicRoom";
			};
			name = Debug;
		};
		4AECB31C27C2024600ABCAAC /* Release */ = {
			isa = XCBuildConfiguration;
			buildSettings = {
				ALWAYS_EMBED_SWIFT_STANDARD_LIBRARIES = YES;
				BUNDLE_LOADER = "$(TEST_HOST)";
				CODE_SIGN_STYLE = Automatic;
				CURRENT_PROJECT_VERSION = 1;
				DEVELOPMENT_TEAM = R7476264FZ;
				GENERATE_INFOPLIST_FILE = YES;
				IPHONEOS_DEPLOYMENT_TARGET = 15.0;
				LD_RUNPATH_SEARCH_PATHS = (
					"$(inherited)",
					"@executable_path/Frameworks",
					"@loader_path/Frameworks",
				);
				MARKETING_VERSION = 1.0;
				PRODUCT_BUNDLE_IDENTIFIER = com.ALR.MusicRoomTests;
				PRODUCT_NAME = "$(TARGET_NAME)";
				SWIFT_EMIT_LOC_STRINGS = NO;
				SWIFT_VERSION = 5.0;
				TARGETED_DEVICE_FAMILY = "1,2";
				TEST_HOST = "$(BUILT_PRODUCTS_DIR)/MusicRoom.app/MusicRoom";
			};
			name = Release;
		};
		4AECB31E27C2024600ABCAAC /* Debug */ = {
			isa = XCBuildConfiguration;
			buildSettings = {
				ALWAYS_EMBED_SWIFT_STANDARD_LIBRARIES = YES;
				CODE_SIGN_STYLE = Automatic;
				CURRENT_PROJECT_VERSION = 1;
				DEVELOPMENT_TEAM = R7476264FZ;
				GENERATE_INFOPLIST_FILE = YES;
				LD_RUNPATH_SEARCH_PATHS = (
					"$(inherited)",
					"@executable_path/Frameworks",
					"@loader_path/Frameworks",
				);
				MARKETING_VERSION = 1.0;
				PRODUCT_BUNDLE_IDENTIFIER = com.ALR.MusicRoomUITests;
				PRODUCT_NAME = "$(TARGET_NAME)";
				SWIFT_EMIT_LOC_STRINGS = NO;
				SWIFT_VERSION = 5.0;
				TARGETED_DEVICE_FAMILY = "1,2";
				TEST_TARGET_NAME = MusicRoom;
			};
			name = Debug;
		};
		4AECB31F27C2024600ABCAAC /* Release */ = {
			isa = XCBuildConfiguration;
			buildSettings = {
				ALWAYS_EMBED_SWIFT_STANDARD_LIBRARIES = YES;
				CODE_SIGN_STYLE = Automatic;
				CURRENT_PROJECT_VERSION = 1;
				DEVELOPMENT_TEAM = R7476264FZ;
				GENERATE_INFOPLIST_FILE = YES;
				LD_RUNPATH_SEARCH_PATHS = (
					"$(inherited)",
					"@executable_path/Frameworks",
					"@loader_path/Frameworks",
				);
				MARKETING_VERSION = 1.0;
				PRODUCT_BUNDLE_IDENTIFIER = com.ALR.MusicRoomUITests;
				PRODUCT_NAME = "$(TARGET_NAME)";
				SWIFT_EMIT_LOC_STRINGS = NO;
				SWIFT_VERSION = 5.0;
				TARGETED_DEVICE_FAMILY = "1,2";
				TEST_TARGET_NAME = MusicRoom;
			};
			name = Release;
		};
/* End XCBuildConfiguration section */

/* Begin XCConfigurationList section */
		4AECB2E527C2024200ABCAAC /* Build configuration list for PBXProject "MusicRoom" */ = {
			isa = XCConfigurationList;
			buildConfigurations = (
				4AECB31527C2024600ABCAAC /* Debug */,
				4AECB31627C2024600ABCAAC /* Release */,
			);
			defaultConfigurationIsVisible = 0;
			defaultConfigurationName = Release;
		};
		4AECB31727C2024600ABCAAC /* Build configuration list for PBXNativeTarget "MusicRoom" */ = {
			isa = XCConfigurationList;
			buildConfigurations = (
				4AECB31827C2024600ABCAAC /* Debug */,
				4AECB31927C2024600ABCAAC /* Release */,
			);
			defaultConfigurationIsVisible = 0;
			defaultConfigurationName = Release;
		};
		4AECB31A27C2024600ABCAAC /* Build configuration list for PBXNativeTarget "MusicRoomTests" */ = {
			isa = XCConfigurationList;
			buildConfigurations = (
				4AECB31B27C2024600ABCAAC /* Debug */,
				4AECB31C27C2024600ABCAAC /* Release */,
			);
			defaultConfigurationIsVisible = 0;
			defaultConfigurationName = Release;
		};
		4AECB31D27C2024600ABCAAC /* Build configuration list for PBXNativeTarget "MusicRoomUITests" */ = {
			isa = XCConfigurationList;
			buildConfigurations = (
				4AECB31E27C2024600ABCAAC /* Debug */,
				4AECB31F27C2024600ABCAAC /* Release */,
			);
			defaultConfigurationIsVisible = 0;
			defaultConfigurationName = Release;
		};
/* End XCConfigurationList section */

/* Begin XCVersionGroup section */
		4AECB2F627C2024200ABCAAC /* MusicRoom.xcdatamodeld */ = {
			isa = XCVersionGroup;
			children = (
				4AECB2F727C2024200ABCAAC /* MusicRoom.xcdatamodel */,
			);
			currentVersion = 4AECB2F727C2024200ABCAAC /* MusicRoom.xcdatamodel */;
			path = MusicRoom.xcdatamodeld;
			sourceTree = "<group>";
			versionGroupType = wrapper.xcdatamodel;
		};
/* End XCVersionGroup section */
	};
	rootObject = 4AECB2E227C2024200ABCAAC /* Project object */;
}
